
Microsoft Visual Studio Solution File, Format Version 12.00
# Visual Studio Version 17
VisualStudioVersion = 17.4.33213.308
MinimumVisualStudioVersion = 10.0.40219.1
Project("{FAE04EC0-301F-11D3-BF4B-00C04F79EFBC}") = "MongodbTest", "MongodbTest.csproj", "{B3E887B6-1BC7-4C08-AFC2-2DBA88DC15E3}"
EndProject
Global
	GlobalSection(SolutionConfigurationPlatforms) = preSolution
		Debug|Any CPU = Debug|Any CPU
		Release|Any CPU = Release|Any CPU
	EndGlobalSection
	GlobalSection(ProjectConfigurationPlatforms) = postSolution
		{B3E887B6-1BC7-4C08-AFC2-2DBA88DC15E3}.Debug|Any CPU.ActiveCfg = Debug|Any CPU
		{B3E887B6-1BC7-4C08-AFC2-2DBA88DC15E3}.Debug|Any CPU.Build.0 = Debug|Any CPU
		{B3E887B6-1BC7-4C08-AFC2-2DBA88DC15E3}.Release|Any CPU.ActiveCfg = Release|Any CPU
		{B3E887B6-1BC7-4C08-AFC2-2DBA88DC15E3}.Release|Any CPU.Build.0 = Release|Any CPU
	EndGlobalSection
	GlobalSection(SolutionProperties) = preSolution
		HideSolutionNode = FALSE
	EndGlobalSection
	GlobalSection(ExtensibilityGlobals) = postSolution
		SolutionGuid = {2EE3A22A-103A-40E5-96A7-7918F5C62031}
	EndGlobalSection
EndGlobal
